
Microsoft Visual Studio Solution File, Format Version 12.00
# Visual Studio Version 16
VisualStudioVersion = 16.0.30104.148
MinimumVisualStudioVersion = 10.0.40219.1
Project("{FAE04EC0-301F-11D3-BF4B-00C04F79EFBC}") = "MusicOrder", "MusicOrder\MusicOrder.csproj", "{2FC0664C-316C-4FFF-BA65-769FB6A3704E}"
EndProject
Global
	GlobalSection(SolutionConfigurationPlatforms) = preSolution
		Debug|Any CPU = Debug|Any CPU
		Release|Any CPU = Release|Any CPU
	EndGlobalSection
	GlobalSection(ProjectConfigurationPlatforms) = postSolution
		{2FC0664C-316C-4FFF-BA65-769FB6A3704E}.Debug|Any CPU.ActiveCfg = Debug|Any CPU
		{2FC0664C-316C-4FFF-BA65-769FB6A3704E}.Debug|Any CPU.Build.0 = Debug|Any CPU
		{2FC0664C-316C-4FFF-BA65-769FB6A3704E}.Release|Any CPU.ActiveCfg = Release|Any CPU
		{2FC0664C-316C-4FFF-BA65-769FB6A3704E}.Release|Any CPU.Build.0 = Release|Any CPU
	EndGlobalSection
	GlobalSection(SolutionProperties) = preSolution
		HideSolutionNode = FALSE
	EndGlobalSection
	GlobalSection(ExtensibilityGlobals) = postSolution
		SolutionGuid = {83B21AAB-1298-45D8-B814-2BCE6537719F}
	EndGlobalSection
EndGlobal
